// !$*UTF8*$!
{
	archiveVersion = 1;
	classes = {
	};
	objectVersion = 46;
	objects = {

/* Begin PBXBuildFile section */
		6458D7D91F673FD000D99635 /* AppDelegate.swift in Sources */ = {isa = PBXBuildFile; fileRef = 6458D7D81F673FD000D99635 /* AppDelegate.swift */; };
		6458D7DB1F673FD000D99635 /* ViewController.swift in Sources */ = {isa = PBXBuildFile; fileRef = 6458D7DA1F673FD000D99635 /* ViewController.swift */; };
		6458D7DE1F673FD000D99635 /* Main.storyboard in Resources */ = {isa = PBXBuildFile; fileRef = 6458D7DC1F673FD000D99635 /* Main.storyboard */; };
		6458D7E01F673FD000D99635 /* Assets.xcassets in Resources */ = {isa = PBXBuildFile; fileRef = 6458D7DF1F673FD000D99635 /* Assets.xcassets */; };
		6458D7E31F673FD000D99635 /* LaunchScreen.storyboard in Resources */ = {isa = PBXBuildFile; fileRef = 6458D7E11F673FD000D99635 /* LaunchScreen.storyboard */; };
/* End PBXBuildFile section */

/* Begin PBXFileReference section */
		6458D7D51F673FD000D99635 /* Map_test.app */ = {isa = PBXFileReference; explicitFileType = wrapper.application; includeInIndex = 0; path = Map_test.app; sourceTree = BUILT_PRODUCTS_DIR; };
		6458D7D81F673FD000D99635 /* AppDelegate.swift */ = {isa = PBXFileReference; lastKnownFileType = sourcecode.swift; path = AppDelegate.swift; sourceTree = "<group>"; };
		6458D7DA1F673FD000D99635 /* ViewController.swift */ = {isa = PBXFileReference; lastKnownFileType = sourcecode.swift; path = ViewController.swift; sourceTree = "<group>"; };
		6458D7DD1F673FD000D99635 /* Base */ = {isa = PBXFileReference; lastKnownFileType = file.storyboard; name = Base; path = Base.lproj/Main.storyboard; sourceTree = "<group>"; };
		6458D7DF1F673FD000D99635 /* Assets.xcassets */ = {isa = PBXFileReference; lastKnownFileType = folder.assetcatalog; path = Assets.xcassets; sourceTree = "<group>"; };
		6458D7E21F673FD000D99635 /* Base */ = {isa = PBXFileReference; lastKnownFileType = file.storyboard; name = Base; path = Base.lproj/LaunchScreen.storyboard; sourceTree = "<group>"; };
		6458D7E41F673FD000D99635 /* Info.plist */ = {isa = PBXFileReference; lastKnownFileType = text.plist.xml; path = Info.plist; sourceTree = "<group>"; };
/* End PBXFileReference section */

/* Begin PBXFrameworksBuildPhase section */
		6458D7D21F673FD000D99635 /* Frameworks */ = {
			isa = PBXFrameworksBuildPhase;
			buildActionMask = 2147483647;
			files = (
			);
			runOnlyForDeploymentPostprocessing = 0;
		};
/* End PBXFrameworksBuildPhase section */

/* Begin PBXGroup section */
		6458D7CC1F673FD000D99635 = {
			isa = PBXGroup;
			children = (
				6458D7D71F673FD000D99635 /* Map_test */,
				6458D7D61F673FD000D99635 /* Products */,
			);
			sourceTree = "<group>";
		};
		6458D7D61F673FD000D99635 /* Products */ = {
			isa = PBXGroup;
			children = (
				6458D7D51F673FD000D99635 /* Map_test.app */,
			);
			name = Products;
			sourceTree = "<group>";
		};
		6458D7D71F673FD000D99635 /* Map_test */ = {
			isa = PBXGroup;
			children = (
				6458D7D81F673FD000D99635 /* AppDelegate.swift */,
				6458D7DA1F673FD000D99635 /* ViewController.swift */,
				6458D7DC1F673FD000D99635 /* Main.storyboard */,
				6458D7DF1F673FD000D99635 /* Assets.xcassets */,
				6458D7E11F673FD000D99635 /* LaunchScreen.storyboard */,
				6458D7E41F673FD000D99635 /* Info.plist */,
			);
			path = Map_test;
			sourceTree = "<group>";
		};
/* End PBXGroup section */

/* Begin PBXNativeTarget section */
		6458D7D41F673FD000D99635 /* Map_test */ = {
			isa = PBXNativeTarget;
			buildConfigurationList = 6458D7E71F673FD000D99635 /* Build configuration list for PBXNativeTarget "Map_test" */;
			buildPhases = (
				6458D7D11F673FD000D99635 /* Sources */,
				6458D7D21F673FD000D99635 /* Frameworks */,
				6458D7D31F673FD000D99635 /* Resources */,
			);
			buildRules = (
			);
			dependencies = (
			);
			name = Map_test;
			productName = Map_test;
			productReference = 6458D7D51F673FD000D99635 /* Map_test.app */;
			productType = "com.apple.product-type.application";
		};
/* End PBXNativeTarget section */

/* Begin PBXProject section */
		6458D7CD1F673FD000D99635 /* Project object */ = {
			isa = PBXProject;
			attributes = {
				LastSwiftUpdateCheck = 0830;
				LastUpgradeCheck = 0830;
				ORGANIZATIONNAME = RaphaelwHuang;
				TargetAttributes = {
					6458D7D41F673FD000D99635 = {
						CreatedOnToolsVersion = 8.3.3;
						ProvisioningStyle = Automatic;
					};
				};
			};
			buildConfigurationList = 6458D7D01F673FD000D99635 /* Build configuration list for PBXProject "Map_test" */;
			compatibilityVersion = "Xcode 3.2";
			developmentRegion = English;
			hasScannedForEncodings = 0;
			knownRegions = (
				en,
				Base,
			);
			mainGroup = 6458D7CC1F673FD000D99635;
			productRefGroup = 6458D7D61F673FD000D99635 /* Products */;
			projectDirPath = "";
			projectRoot = "";
			targets = (
				6458D7D41F673FD000D99635 /* Map_test */,
			);
		};
/* End PBXProject section */

/* Begin PBXResourcesBuildPhase section */
		6458D7D31F673FD000D99635 /* Resources */ = {
			isa = PBXResourcesBuildPhase;
			buildActionMask = 2147483647;
			files = (
				6458D7E31F673FD000D99635 /* LaunchScreen.storyboard in Resources */,
				6458D7E01F673FD000D99635 /* Assets.xcassets in Resources */,
				6458D7DE1F673FD000D99635 /* Main.storyboard in Resources */,
			);
			runOnlyForDeploymentPostprocessing = 0;
		};
/* End PBXResourcesBuildPhase section */

/* Begin PBXSourcesBuildPhase section */
		6458D7D11F673FD000D99635 /* Sources */ = {
			isa = PBXSourcesBuildPhase;
			buildActionMask = 2147483647;
			files = (
				6458D7DB1F673FD000D99635 /* ViewController.swift in Sources */,
				6458D7D91F673FD000D99635 /* AppDelegate.swift in Sources */,
			);
			runOnlyForDeploymentPostprocessing = 0;
		};
/* End PBXSourcesBuildPhase section */

/* Begin PBXVariantGroup section */
		6458D7DC1F673FD000D99635 /* Main.storyboard */ = {
			isa = PBXVariantGroup;
			children = (
				6458D7DD1F673FD000D99635 /* Base */,
			);
			name = Main.storyboard;
			sourceTree = "<group>";
		};
		6458D7E11F673FD000D99635 /* LaunchScreen.storyboard */ = {
			isa = PBXVariantGroup;
			children = (
				6458D7E21F673FD000D99635 /* Base */,
			);
			name = LaunchScreen.storyboard;
			sourceTree = "<group>";
		};
/* End PBXVariantGroup section */

/* Begin XCBuildConfiguration section */
		6458D7E51F673FD000D99635 /* Debug */ = {
			isa = XCBuildConfiguration;
			buildSettings = {
				ALWAYS_SEARCH_USER_PATHS = NO;
				CLANG_ANALYZER_NONNULL = YES;
				CLANG_ANALYZER_NUMBER_OBJECT_CONVERSION = YES_AGGRESSIVE;
				CLANG_CXX_LANGUAGE_STANDARD = "gnu++0x";
				CLANG_CXX_LIBRARY = "libc++";
				CLANG_ENABLE_MODULES = YES;
				CLANG_ENABLE_OBJC_ARC = YES;
				CLANG_WARN_BOOL_CONVERSION = YES;
				CLANG_WARN_CONSTANT_CONVERSION = YES;
				CLANG_WARN_DIRECT_OBJC_ISA_USAGE = YES_ERROR;
				CLANG_WARN_DOCUMENTATION_COMMENTS = YES;
				CLANG_WARN_EMPTY_BODY = YES;
				CLANG_WARN_ENUM_CONVERSION = YES;
				CLANG_WARN_INFINITE_RECURSION = YES;
				CLANG_WARN_INT_CONVERSION = YES;
				CLANG_WARN_OBJC_ROOT_CLASS = YES_ERROR;
				CLANG_WARN_SUSPICIOUS_MOVE = YES;
				CLANG_WARN_UNREACHABLE_CODE = YES;
				CLANG_WARN__DUPLICATE_METHOD_MATCH = YES;
				"CODE_SIGN_IDENTITY[sdk=iphoneos*]" = "iPhone Developer";
				COPY_PHASE_STRIP = NO;
				DEBUG_INFORMATION_FORMAT = dwarf;
				ENABLE_STRICT_OBJC_MSGSEND = YES;
				ENABLE_TESTABILITY = YES;
				GCC_C_LANGUAGE_STANDARD = gnu99;
				GCC_DYNAMIC_NO_PIC = NO;
				GCC_NO_COMMON_BLOCKS = YES;
				GCC_OPTIMIZATION_LEVEL = 0;
				GCC_PREPROCESSOR_DEFINITIONS = (
					"DEBUG=1",
					"$(inherited)",
				);
				GCC_WARN_64_TO_32_BIT_CONVERSION = YES;
				GCC_WARN_ABOUT_RETURN_TYPE = YES_ERROR;
				GCC_WARN_UNDECLARED_SELECTOR = YES;
				GCC_WARN_UNINITIALIZED_AUTOS = YES_AGGRESSIVE;
				GCC_WARN_UNUSED_FUNCTION = YES;
				GCC_WARN_UNUSED_VARIABLE = YES;
				IPHONEOS_DEPLOYMENT_TARGET = 10.3;
				MTL_ENABLE_DEBUG_INFO = YES;
				ONLY_ACTIVE_ARCH = YES;
				SDKROOT = iphoneos;
				SWIFT_ACTIVE_COMPILATION_CONDITIONS = DEBUG;
				SWIFT_OPTIMIZATION_LEVEL = "-Onone";
				TARGETED_DEVICE_FAMILY = "1,2";
			};
			name = Debug;
		};
		6458D7E61F673FD000D99635 /* Release */ = {
			isa = XCBuildConfiguration;
			buildSettings = {
				ALWAYS_SEARCH_USER_PATHS = NO;
				CLANG_ANALYZER_NONNULL = YES;
				CLANG_ANALYZER_NUMBER_OBJECT_CONVERSION = YES_AGGRESSIVE;
				CLANG_CXX_LANGUAGE_STANDARD = "gnu++0x";
				CLANG_CXX_LIBRARY = "libc++";
				CLANG_ENABLE_MODULES = YES;
				CLANG_ENABLE_OBJC_ARC = YES;
				CLANG_WARN_BOOL_CONVERSION = YES;
				CLANG_WARN_CONSTANT_CONVERSION = YES;
				CLANG_WARN_DIRECT_OBJC_ISA_USAGE = YES_ERROR;
				CLANG_WARN_DOCUMENTATION_COMMENTS = YES;
				CLANG_WARN_EMPTY_BODY = YES;
				CLANG_WARN_ENUM_CONVERSION = YES;
				CLANG_WARN_INFINITE_RECURSION = YES;
				CLANG_WARN_INT_CONVERSION = YES;
				CLANG_WARN_OBJC_ROOT_CLASS = YES_ERROR;
				CLANG_WARN_SUSPICIOUS_MOVE = YES;
				CLANG_WARN_UNREACHABLE_CODE = YES;
				CLANG_WARN__DUPLICATE_METHOD_MATCH = YES;
				"CODE_SIGN_IDENTITY[sdk=iphoneos*]" = "iPhone Developer";
				COPY_PHASE_STRIP = NO;
				DEBUG_INFORMATION_FORMAT = "dwarf-with-dsym";
				ENABLE_NS_ASSERTIONS = NO;
				ENABLE_STRICT_OBJC_MSGSEND = YES;
				GCC_C_LANGUAGE_STANDARD = gnu99;
				GCC_NO_COMMON_BLOCKS = YES;
				GCC_WARN_64_TO_32_BIT_CONVERSION = YES;
				GCC_WARN_ABOUT_RETURN_TYPE = YES_ERROR;
				GCC_WARN_UNDECLARED_SELECTOR = YES;
				GCC_WARN_UNINITIALIZED_AUTOS = YES_AGGRESSIVE;
				GCC_WARN_UNUSED_FUNCTION = YES;
				GCC_WARN_UNUSED_VARIABLE = YES;
				IPHONEOS_DEPLOYMENT_TARGET = 10.3;
				MTL_ENABLE_DEBUG_INFO = NO;
				SDKROOT = iphoneos;
				SWIFT_OPTIMIZATION_LEVEL = "-Owholemodule";
				TARGETED_DEVICE_FAMILY = "1,2";
				VALIDATE_PRODUCT = YES;
			};
			name = Release;
		};
		6458D7E81F673FD000D99635 /* Debug */ = {
			isa = XCBuildConfiguration;
			buildSettings = {
				ASSETCATALOG_COMPILER_APPICON_NAME = AppIcon;
				INFOPLIST_FILE = Map_test/Info.plist;
				LD_RUNPATH_SEARCH_PATHS = "$(inherited) @executable_path/Frameworks";
				PRODUCT_BUNDLE_IDENTIFIER = "RH.Map-test";
				PRODUCT_NAME = "$(TARGET_NAME)";
				SWIFT_VERSION = 3.0;
			};
			name = Debug;
		};
		6458D7E91F673FD000D99635 /* Release */ = {
			isa = XCBuildConfiguration;
			buildSettings = {
				ASSETCATALOG_COMPILER_APPICON_NAME = AppIcon;
				INFOPLIST_FILE = Map_test/Info.plist;
				LD_RUNPATH_SEARCH_PATHS = "$(inherited) @executable_path/Frameworks";
				PRODUCT_BUNDLE_IDENTIFIER = "RH.Map-test";
				PRODUCT_NAME = "$(TARGET_NAME)";
				SWIFT_VERSION = 3.0;
			};
			name = Release;
		};
/* End XCBuildConfiguration section */

/* Begin XCConfigurationList section */
		6458D7D01F673FD000D99635 /* Build configuration list for PBXProject "Map_test" */ = {
			isa = XCConfigurationList;
			buildConfigurations = (
				6458D7E51F673FD000D99635 /* Debug */,
				6458D7E61F673FD000D99635 /* Release */,
			);
			defaultConfigurationIsVisible = 0;
			defaultConfigurationName = Release;
		};
		6458D7E71F673FD000D99635 /* Build configuration list for PBXNativeTarget "Map_test" */ = {
			isa = XCConfigurationList;
			buildConfigurations = (
				6458D7E81F673FD000D99635 /* Debug */,
				6458D7E91F673FD000D99635 /* Release */,
			);
			defaultConfigurationIsVisible = 0;
		};
/* End XCConfigurationList section */
	};
	rootObject = 6458D7CD1F673FD000D99635 /* Project object */;
}
